
Microsoft Visual Studio Solution File, Format Version 12.00
# Visual Studio Version 17
VisualStudioVersion = 17.0.31903.59
MinimumVisualStudioVersion = 10.0.40219.1
Project("{FAE04EC0-301F-11D3-BF4B-00C04F79EFBC}") = "Domain", "Domain\Domain.csproj", "{0467248A-6F0E-4679-A73C-44CA3951B01D}"
EndProject
Project("{FAE04EC0-301F-11D3-BF4B-00C04F79EFBC}") = "Application", "Application\Application.csproj", "{F83EFC3D-1478-4DD0-8B2F-530B9EF781F5}"
EndProject
Project("{FAE04EC0-301F-11D3-BF4B-00C04F79EFBC}") = "Infrastructure", "Infrastructure\Infrastructure.csproj", "{38F0A912-0D7C-4EF7-B40B-179B4854195C}"
EndProject
Project("{FAE04EC0-301F-11D3-BF4B-00C04F79EFBC}") = "API", "API\API.csproj", "{680D8A76-3E09-4A4E-A487-DFB8EEF9DB41}"
EndProject
Global
	GlobalSection(SolutionConfigurationPlatforms) = preSolution
		Debug|Any CPU = Debug|Any CPU
		Debug|x64 = Debug|x64
		Debug|x86 = Debug|x86
		Release|Any CPU = Release|Any CPU
		Release|x64 = Release|x64
		Release|x86 = Release|x86
	EndGlobalSection
	GlobalSection(ProjectConfigurationPlatforms) = postSolution
		{0467248A-6F0E-4679-A73C-44CA3951B01D}.Debug|Any CPU.ActiveCfg = Debug|Any CPU
		{0467248A-6F0E-4679-A73C-44CA3951B01D}.Debug|Any CPU.Build.0 = Debug|Any CPU
		{0467248A-6F0E-4679-A73C-44CA3951B01D}.Debug|x64.ActiveCfg = Debug|Any CPU
		{0467248A-6F0E-4679-A73C-44CA3951B01D}.Debug|x64.Build.0 = Debug|Any CPU
		{0467248A-6F0E-4679-A73C-44CA3951B01D}.Debug|x86.ActiveCfg = Debug|Any CPU
		{0467248A-6F0E-4679-A73C-44CA3951B01D}.Debug|x86.Build.0 = Debug|Any CPU
		{0467248A-6F0E-4679-A73C-44CA3951B01D}.Release|Any CPU.ActiveCfg = Release|Any CPU
		{0467248A-6F0E-4679-A73C-44CA3951B01D}.Release|Any CPU.Build.0 = Release|Any CPU
		{0467248A-6F0E-4679-A73C-44CA3951B01D}.Release|x64.ActiveCfg = Release|Any CPU
		{0467248A-6F0E-4679-A73C-44CA3951B01D}.Release|x64.Build.0 = Release|Any CPU
		{0467248A-6F0E-4679-A73C-44CA3951B01D}.Release|x86.ActiveCfg = Release|Any CPU
		{0467248A-6F0E-4679-A73C-44CA3951B01D}.Release|x86.Build.0 = Release|Any CPU
		{F83EFC3D-1478-4DD0-8B2F-530B9EF781F5}.Debug|Any CPU.ActiveCfg = Debug|Any CPU
		{F83EFC3D-1478-4DD0-8B2F-530B9EF781F5}.Debug|Any CPU.Build.0 = Debug|Any CPU
		{F83EFC3D-1478-4DD0-8B2F-530B9EF781F5}.Debug|x64.ActiveCfg = Debug|Any CPU
		{F83EFC3D-1478-4DD0-8B2F-530B9EF781F5}.Debug|x64.Build.0 = Debug|Any CPU
		{F83EFC3D-1478-4DD0-8B2F-530B9EF781F5}.Debug|x86.ActiveCfg = Debug|Any CPU
		{F83EFC3D-1478-4DD0-8B2F-530B9EF781F5}.Debug|x86.Build.0 = Debug|Any CPU
		{F83EFC3D-1478-4DD0-8B2F-530B9EF781F5}.Release|Any CPU.ActiveCfg = Release|Any CPU
		{F83EFC3D-1478-4DD0-8B2F-530B9EF781F5}.Release|Any CPU.Build.0 = Release|Any CPU
		{F83EFC3D-1478-4DD0-8B2F-530B9EF781F5}.Release|x64.ActiveCfg = Release|Any CPU
		{F83EFC3D-1478-4DD0-8B2F-530B9EF781F5}.Release|x64.Build.0 = Release|Any CPU
		{F83EFC3D-1478-4DD0-8B2F-530B9EF781F5}.Release|x86.ActiveCfg = Release|Any CPU
		{F83EFC3D-1478-4DD0-8B2F-530B9EF781F5}.Release|x86.Build.0 = Release|Any CPU
		{38F0A912-0D7C-4EF7-B40B-179B4854195C}.Debug|Any CPU.ActiveCfg = Debug|Any CPU
		{38F0A912-0D7C-4EF7-B40B-179B4854195C}.Debug|Any CPU.Build.0 = Debug|Any CPU
		{38F0A912-0D7C-4EF7-B40B-179B4854195C}.Debug|x64.ActiveCfg = Debug|Any CPU
		{38F0A912-0D7C-4EF7-B40B-179B4854195C}.Debug|x64.Build.0 = Debug|Any CPU
		{38F0A912-0D7C-4EF7-B40B-179B4854195C}.Debug|x86.ActiveCfg = Debug|Any CPU
		{38F0A912-0D7C-4EF7-B40B-179B4854195C}.Debug|x86.Build.0 = Debug|Any CPU
		{38F0A912-0D7C-4EF7-B40B-179B4854195C}.Release|Any CPU.ActiveCfg = Release|Any CPU
		{38F0A912-0D7C-4EF7-B40B-179B4854195C}.Release|Any CPU.Build.0 = Release|Any CPU
		{38F0A912-0D7C-4EF7-B40B-179B4854195C}.Release|x64.ActiveCfg = Release|Any CPU
		{38F0A912-0D7C-4EF7-B40B-179B4854195C}.Release|x64.Build.0 = Release|Any CPU
		{38F0A912-0D7C-4EF7-B40B-179B4854195C}.Release|x86.ActiveCfg = Release|Any CPU
		{38F0A912-0D7C-4EF7-B40B-179B4854195C}.Release|x86.Build.0 = Release|Any CPU
		{680D8A76-3E09-4A4E-A487-DFB8EEF9DB41}.Debug|Any CPU.ActiveCfg = Debug|Any CPU
		{680D8A76-3E09-4A4E-A487-DFB8EEF9DB41}.Debug|Any CPU.Build.0 = Debug|Any CPU
		{680D8A76-3E09-4A4E-A487-DFB8EEF9DB41}.Debug|x64.ActiveCfg = Debug|Any CPU
		{680D8A76-3E09-4A4E-A487-DFB8EEF9DB41}.Debug|x64.Build.0 = Debug|Any CPU
		{680D8A76-3E09-4A4E-A487-DFB8EEF9DB41}.Debug|x86.ActiveCfg = Debug|Any CPU
		{680D8A76-3E09-4A4E-A487-DFB8EEF9DB41}.Debug|x86.Build.0 = Debug|Any CPU
		{680D8A76-3E09-4A4E-A487-DFB8EEF9DB41}.Release|Any CPU.ActiveCfg = Release|Any CPU
		{680D8A76-3E09-4A4E-A487-DFB8EEF9DB41}.Release|Any CPU.Build.0 = Release|Any CPU
		{680D8A76-3E09-4A4E-A487-DFB8EEF9DB41}.Release|x64.ActiveCfg = Release|Any CPU
		{680D8A76-3E09-4A4E-A487-DFB8EEF9DB41}.Release|x64.Build.0 = Release|Any CPU
		{680D8A76-3E09-4A4E-A487-DFB8EEF9DB41}.Release|x86.ActiveCfg = Release|Any CPU
		{680D8A76-3E09-4A4E-A487-DFB8EEF9DB41}.Release|x86.Build.0 = Release|Any CPU
	EndGlobalSection
	GlobalSection(SolutionProperties) = preSolution
		HideSolutionNode = FALSE
	EndGlobalSection
EndGlobal
